
Microsoft Visual Studio Solution File, Format Version 12.00
# Visual Studio Version 17
VisualStudioVersion = 17.9.34723.18
MinimumVisualStudioVersion = 10.0.40219.1
Project("{FAE04EC0-301F-11D3-BF4B-00C04F79EFBC}") = "CitizenIdSpaces", "CitizenIdSpaces\CitizenIdSpaces.csproj", "{C99E774A-DC23-41A6-BF6B-1ADB89925859}"
EndProject
Project("{FAE04EC0-301F-11D3-BF4B-00C04F79EFBC}") = "ROCCitizenIdSpace", "ROCCitizenIdSpace\ROCCitizenIdSpace.csproj", "{433C58B7-8E8F-4EDF-9BFC-B3B78E5CA1B7}"
EndProject
Global
	GlobalSection(SolutionConfigurationPlatforms) = preSolution
		Debug|Any CPU = Debug|Any CPU
		Release|Any CPU = Release|Any CPU
	EndGlobalSection
	GlobalSection(ProjectConfigurationPlatforms) = postSolution
		{C99E774A-DC23-41A6-BF6B-1ADB89925859}.Debug|Any CPU.ActiveCfg = Debug|Any CPU
		{C99E774A-DC23-41A6-BF6B-1ADB89925859}.Debug|Any CPU.Build.0 = Debug|Any CPU
		{C99E774A-DC23-41A6-BF6B-1ADB89925859}.Release|Any CPU.ActiveCfg = Release|Any CPU
		{C99E774A-DC23-41A6-BF6B-1ADB89925859}.Release|Any CPU.Build.0 = Release|Any CPU
		{433C58B7-8E8F-4EDF-9BFC-B3B78E5CA1B7}.Debug|Any CPU.ActiveCfg = Debug|Any CPU
		{433C58B7-8E8F-4EDF-9BFC-B3B78E5CA1B7}.Debug|Any CPU.Build.0 = Debug|Any CPU
		{433C58B7-8E8F-4EDF-9BFC-B3B78E5CA1B7}.Release|Any CPU.ActiveCfg = Release|Any CPU
		{433C58B7-8E8F-4EDF-9BFC-B3B78E5CA1B7}.Release|Any CPU.Build.0 = Release|Any CPU
	EndGlobalSection
	GlobalSection(SolutionProperties) = preSolution
		HideSolutionNode = FALSE
	EndGlobalSection
	GlobalSection(ExtensibilityGlobals) = postSolution
		SolutionGuid = {1DFF43FD-2296-432F-85DC-2A7F7C948266}
	EndGlobalSection
EndGlobal
